
Microsoft Visual Studio Solution File, Format Version 12.00
# Visual Studio Version 17
VisualStudioVersion = 17.4.33110.190
MinimumVisualStudioVersion = 10.0.40219.1
Project("{FAE04EC0-301F-11D3-BF4B-00C04F79EFBC}") = "eTickets", "eTickets\eTickets.csproj", "{7AD07060-DE34-4A4F-BC92-4202747CE10E}"
EndProject
Global
	GlobalSection(SolutionConfigurationPlatforms) = preSolution
		Debug|Any CPU = Debug|Any CPU
		Release|Any CPU = Release|Any CPU
	EndGlobalSection
	GlobalSection(ProjectConfigurationPlatforms) = postSolution
		{7AD07060-DE34-4A4F-BC92-4202747CE10E}.Debug|Any CPU.ActiveCfg = Debug|Any CPU
		{7AD07060-DE34-4A4F-BC92-4202747CE10E}.Debug|Any CPU.Build.0 = Debug|Any CPU
		{7AD07060-DE34-4A4F-BC92-4202747CE10E}.Release|Any CPU.ActiveCfg = Release|Any CPU
		{7AD07060-DE34-4A4F-BC92-4202747CE10E}.Release|Any CPU.Build.0 = Release|Any CPU
	EndGlobalSection
	GlobalSection(SolutionProperties) = preSolution
		HideSolutionNode = FALSE
	EndGlobalSection
	GlobalSection(ExtensibilityGlobals) = postSolution
		SolutionGuid = {7260C828-A611-4A10-8AD2-356A0C13D670}
	EndGlobalSection
EndGlobal
